
Microsoft Visual Studio Solution File, Format Version 12.00
# Visual Studio 2012
Project("{FAE04EC0-301F-11D3-BF4B-00C04F79EFBC}") = "finalPract", "finalPract\finalPract.csproj", "{96C5A595-DABE-40F5-8D1B-D2EF6ABCE4A3}"
EndProject
Global
	GlobalSection(SolutionConfigurationPlatforms) = preSolution
		Debug|x86 = Debug|x86
		Release|x86 = Release|x86
	EndGlobalSection
	GlobalSection(ProjectConfigurationPlatforms) = postSolution
		{96C5A595-DABE-40F5-8D1B-D2EF6ABCE4A3}.Debug|x86.ActiveCfg = Debug|x86
		{96C5A595-DABE-40F5-8D1B-D2EF6ABCE4A3}.Debug|x86.Build.0 = Debug|x86
		{96C5A595-DABE-40F5-8D1B-D2EF6ABCE4A3}.Release|x86.ActiveCfg = Release|x86
		{96C5A595-DABE-40F5-8D1B-D2EF6ABCE4A3}.Release|x86.Build.0 = Release|x86
	EndGlobalSection
EndGlobal
